// !$*UTF8*$!
{
	archiveVersion = 1;
	classes = {
	};
	objectVersion = 46;
	objects = {

/* Begin PBXBuildFile section */
		1D32375B19129E19009F2EA3 /* SRUtils.m in Sources */ = {isa = PBXBuildFile; fileRef = 1D32375A19129E19009F2EA3 /* SRUtils.m */; };
		1D3237621912A65E009F2EA3 /* Credits.rtf in Resources */ = {isa = PBXBuildFile; fileRef = 1D3237601912A65E009F2EA3 /* Credits.rtf */; };
		1D3237641912AE03009F2EA3 /* Sparkle.framework in Frameworks */ = {isa = PBXBuildFile; fileRef = 1D3237631912AE03009F2EA3 /* Sparkle.framework */; };
		1D3237661912AEBA009F2EA3 /* WebKit.framework in Frameworks */ = {isa = PBXBuildFile; fileRef = 1D3237651912AEBA009F2EA3 /* WebKit.framework */; };
		1D3237681912B14B009F2EA3 /* Sparkle.framework in CopyFiles */ = {isa = PBXBuildFile; fileRef = 1D3237631912AE03009F2EA3 /* Sparkle.framework */; };
		1D32376A1912B3BA009F2EA3 /* dsa_pub.pem in Resources */ = {isa = PBXBuildFile; fileRef = 1D3237691912B3BA009F2EA3 /* dsa_pub.pem */; };
		1D505750190D6CE300150FFF /* SRWallpaperChanger.m in Sources */ = {isa = PBXBuildFile; fileRef = 1D50574F190D6CE300150FFF /* SRWallpaperChanger.m */; };
		1D505753190D707500150FFF /* NSMutableArray_Shuffling.m in Sources */ = {isa = PBXBuildFile; fileRef = 1D505752190D707500150FFF /* NSMutableArray_Shuffling.m */; };
		1D505756190D74D000150FFF /* NSFileManager+DirectoryLocations.m in Sources */ = {isa = PBXBuildFile; fileRef = 1D505755190D74D000150FFF /* NSFileManager+DirectoryLocations.m */; };
		1D50575B190D758A00150FFF /* NSString+MD5.m in Sources */ = {isa = PBXBuildFile; fileRef = 1D50575A190D758A00150FFF /* NSString+MD5.m */; };
		1D5408FA1913ED98005EFAC1 /* NSTimer+NoodleExtensions.m in Sources */ = {isa = PBXBuildFile; fileRef = 1D5408F91913ED98005EFAC1 /* NSTimer+NoodleExtensions.m */; settings = {COMPILER_FLAGS = "-fno-objc-arc"; }; };
		1D5408FD1913EDE2005EFAC1 /* NoodleGlue.m in Sources */ = {isa = PBXBuildFile; fileRef = 1D5408FC1913EDE2005EFAC1 /* NoodleGlue.m */; settings = {COMPILER_FLAGS = "-fno-objc-arc"; }; };
		1D54090719140514005EFAC1 /* SRVevelt.m in Sources */ = {isa = PBXBuildFile; fileRef = 1D54090619140514005EFAC1 /* SRVevelt.m */; };
		1D9520D8190FF8A5002E7B08 /* SRSubredditDataStore.m in Sources */ = {isa = PBXBuildFile; fileRef = 1D9520D7190FF8A5002E7B08 /* SRSubredditDataStore.m */; };
		1DE6E661190FEAB400BFCCF1 /* SRSetupWindowController.m in Sources */ = {isa = PBXBuildFile; fileRef = 1DE6E65F190FEAB400BFCCF1 /* SRSetupWindowController.m */; };
		1DE6E662190FEAB400BFCCF1 /* SRSetupWindowController.xib in Resources */ = {isa = PBXBuildFile; fileRef = 1DE6E660190FEAB400BFCCF1 /* SRSetupWindowController.xib */; };
		1DF2A7B7190D1A5E00DF084F /* Cocoa.framework in Frameworks */ = {isa = PBXBuildFile; fileRef = 1DF2A7B6190D1A5E00DF084F /* Cocoa.framework */; };
		1DF2A7C1190D1A5E00DF084F /* InfoPlist.strings in Resources */ = {isa = PBXBuildFile; fileRef = 1DF2A7BF190D1A5E00DF084F /* InfoPlist.strings */; };
		1DF2A7C3190D1A5E00DF084F /* main.m in Sources */ = {isa = PBXBuildFile; fileRef = 1DF2A7C2190D1A5E00DF084F /* main.m */; };
		1DF2A7CA190D1A5E00DF084F /* SRAppDelegate.m in Sources */ = {isa = PBXBuildFile; fileRef = 1DF2A7C9190D1A5E00DF084F /* SRAppDelegate.m */; };
		1DF2A7CD190D1A5E00DF084F /* MainMenu.xib in Resources */ = {isa = PBXBuildFile; fileRef = 1DF2A7CB190D1A5E00DF084F /* MainMenu.xib */; };
		1DF2A7CF190D1A5E00DF084F /* Images.xcassets in Resources */ = {isa = PBXBuildFile; fileRef = 1DF2A7CE190D1A5E00DF084F /* Images.xcassets */; };
		1DF2A7D6190D1A5E00DF084F /* XCTest.framework in Frameworks */ = {isa = PBXBuildFile; fileRef = 1DF2A7D5190D1A5E00DF084F /* XCTest.framework */; };
		1DF2A7D7190D1A5E00DF084F /* Cocoa.framework in Frameworks */ = {isa = PBXBuildFile; fileRef = 1DF2A7B6190D1A5E00DF084F /* Cocoa.framework */; };
		1DF2A7DF190D1A5E00DF084F /* InfoPlist.strings in Resources */ = {isa = PBXBuildFile; fileRef = 1DF2A7DD190D1A5E00DF084F /* InfoPlist.strings */; };
		1DF2A7E1190D1A5E00DF084F /* SnapprTests.m in Sources */ = {isa = PBXBuildFile; fileRef = 1DF2A7E0190D1A5E00DF084F /* SnapprTests.m */; };
		1DF2A7EC190D1E9E00DF084F /* SRRedditParser.m in Sources */ = {isa = PBXBuildFile; fileRef = 1DF2A7EB190D1E9E00DF084F /* SRRedditParser.m */; };
		1DF2A7EF190D1FEE00DF084F /* SRImage.m in Sources */ = {isa = PBXBuildFile; fileRef = 1DF2A7EE190D1FEE00DF084F /* SRImage.m */; };
/* End PBXBuildFile section */

/* Begin PBXContainerItemProxy section */
		1DF2A7D8190D1A5E00DF084F /* PBXContainerItemProxy */ = {
			isa = PBXContainerItemProxy;
			containerPortal = 1DF2A7AB190D1A5D00DF084F /* Project object */;
			proxyType = 1;
			remoteGlobalIDString = 1DF2A7B2190D1A5E00DF084F;
			remoteInfo = Snappr;
		};
/* End PBXContainerItemProxy section */

/* Begin PBXCopyFilesBuildPhase section */
		1D3237671912B144009F2EA3 /* CopyFiles */ = {
			isa = PBXCopyFilesBuildPhase;
			buildActionMask = 2147483647;
			dstPath = "";
			dstSubfolderSpec = 10;
			files = (
				1D3237681912B14B009F2EA3 /* Sparkle.framework in CopyFiles */,
			);
			runOnlyForDeploymentPostprocessing = 0;
		};
/* End PBXCopyFilesBuildPhase section */

/* Begin PBXFileReference section */
		1D32375919129E19009F2EA3 /* SRUtils.h */ = {isa = PBXFileReference; fileEncoding = 4; lastKnownFileType = sourcecode.c.h; path = SRUtils.h; sourceTree = "<group>"; };
		1D32375A19129E19009F2EA3 /* SRUtils.m */ = {isa = PBXFileReference; fileEncoding = 4; lastKnownFileType = sourcecode.c.objc; path = SRUtils.m; sourceTree = "<group>"; };
		1D3237611912A65E009F2EA3 /* en */ = {isa = PBXFileReference; lastKnownFileType = text.rtf; name = en; path = en.lproj/Credits.rtf; sourceTree = "<group>"; };
		1D3237631912AE03009F2EA3 /* Sparkle.framework */ = {isa = PBXFileReference; lastKnownFileType = wrapper.framework; path = Sparkle.framework; sourceTree = "<group>"; };
		1D3237651912AEBA009F2EA3 /* WebKit.framework */ = {isa = PBXFileReference; lastKnownFileType = wrapper.framework; name = WebKit.framework; path = System/Library/Frameworks/WebKit.framework; sourceTree = SDKROOT; };
		1D3237691912B3BA009F2EA3 /* dsa_pub.pem */ = {isa = PBXFileReference; fileEncoding = 4; lastKnownFileType = text; path = dsa_pub.pem; sourceTree = "<group>"; };
		1D50574E190D6CE300150FFF /* SRWallpaperChanger.h */ = {isa = PBXFileReference; fileEncoding = 4; lastKnownFileType = sourcecode.c.h; path = SRWallpaperChanger.h; sourceTree = "<group>"; };
		1D50574F190D6CE300150FFF /* SRWallpaperChanger.m */ = {isa = PBXFileReference; fileEncoding = 4; lastKnownFileType = sourcecode.c.objc; path = SRWallpaperChanger.m; sourceTree = "<group>"; };
		1D505751190D704700150FFF /* NSMutableArray_Shuffling.h */ = {isa = PBXFileReference; lastKnownFileType = sourcecode.c.h; path = NSMutableArray_Shuffling.h; sourceTree = "<group>"; };
		1D505752190D707500150FFF /* NSMutableArray_Shuffling.m */ = {isa = PBXFileReference; fileEncoding = 4; lastKnownFileType = sourcecode.c.objc; path = NSMutableArray_Shuffling.m; sourceTree = "<group>"; };
		1D505754190D74D000150FFF /* NSFileManager+DirectoryLocations.h */ = {isa = PBXFileReference; fileEncoding = 4; lastKnownFileType = sourcecode.c.h; path = "NSFileManager+DirectoryLocations.h"; sourceTree = "<group>"; };
		1D505755190D74D000150FFF /* NSFileManager+DirectoryLocations.m */ = {isa = PBXFileReference; fileEncoding = 4; lastKnownFileType = sourcecode.c.objc; path = "NSFileManager+DirectoryLocations.m"; sourceTree = "<group>"; };
		1D505757190D757400150FFF /* libcommonCrypto.dylib */ = {isa = PBXFileReference; lastKnownFileType = "compiled.mach-o.dylib"; name = libcommonCrypto.dylib; path = usr/lib/system/libcommonCrypto.dylib; sourceTree = SDKROOT; };
		1D505759190D758A00150FFF /* NSString+MD5.h */ = {isa = PBXFileReference; fileEncoding = 4; lastKnownFileType = sourcecode.c.h; path = "NSString+MD5.h"; sourceTree = "<group>"; };
		1D50575A190D758A00150FFF /* NSString+MD5.m */ = {isa = PBXFileReference; fileEncoding = 4; lastKnownFileType = sourcecode.c.objc; path = "NSString+MD5.m"; sourceTree = "<group>"; };
		1D5408F81913ED98005EFAC1 /* NSTimer+NoodleExtensions.h */ = {isa = PBXFileReference; fileEncoding = 4; lastKnownFileType = sourcecode.c.h; path = "NSTimer+NoodleExtensions.h"; sourceTree = "<group>"; };
		1D5408F91913ED98005EFAC1 /* NSTimer+NoodleExtensions.m */ = {isa = PBXFileReference; fileEncoding = 4; lastKnownFileType = sourcecode.c.objc; path = "NSTimer+NoodleExtensions.m"; sourceTree = "<group>"; };
		1D5408FB1913EDE2005EFAC1 /* NoodleGlue.h */ = {isa = PBXFileReference; fileEncoding = 4; lastKnownFileType = sourcecode.c.h; path = NoodleGlue.h; sourceTree = "<group>"; };
		1D5408FC1913EDE2005EFAC1 /* NoodleGlue.m */ = {isa = PBXFileReference; fileEncoding = 4; lastKnownFileType = sourcecode.c.objc; path = NoodleGlue.m; sourceTree = "<group>"; };
		1D54090519140514005EFAC1 /* SRVevelt.h */ = {isa = PBXFileReference; fileEncoding = 4; lastKnownFileType = sourcecode.c.h; path = SRVevelt.h; sourceTree = "<group>"; };
		1D54090619140514005EFAC1 /* SRVevelt.m */ = {isa = PBXFileReference; fileEncoding = 4; lastKnownFileType = sourcecode.c.objc; path = SRVevelt.m; sourceTree = "<group>"; };
		1D9520D6190FF8A5002E7B08 /* SRSubredditDataStore.h */ = {isa = PBXFileReference; fileEncoding = 4; lastKnownFileType = sourcecode.c.h; path = SRSubredditDataStore.h; sourceTree = "<group>"; };
		1D9520D7190FF8A5002E7B08 /* SRSubredditDataStore.m */ = {isa = PBXFileReference; fileEncoding = 4; lastKnownFileType = sourcecode.c.objc; path = SRSubredditDataStore.m; sourceTree = "<group>"; };
		1DE6E65E190FEAB400BFCCF1 /* SRSetupWindowController.h */ = {isa = PBXFileReference; fileEncoding = 4; lastKnownFileType = sourcecode.c.h; path = SRSetupWindowController.h; sourceTree = "<group>"; };
		1DE6E65F190FEAB400BFCCF1 /* SRSetupWindowController.m */ = {isa = PBXFileReference; fileEncoding = 4; lastKnownFileType = sourcecode.c.objc; path = SRSetupWindowController.m; sourceTree = "<group>"; };
		1DE6E660190FEAB400BFCCF1 /* SRSetupWindowController.xib */ = {isa = PBXFileReference; fileEncoding = 4; lastKnownFileType = file.xib; path = SRSetupWindowController.xib; sourceTree = "<group>"; };
		1DF2A7B3190D1A5E00DF084F /* Snappr.app */ = {isa = PBXFileReference; explicitFileType = wrapper.application; includeInIndex = 0; path = Snappr.app; sourceTree = BUILT_PRODUCTS_DIR; };
		1DF2A7B6190D1A5E00DF084F /* Cocoa.framework */ = {isa = PBXFileReference; lastKnownFileType = wrapper.framework; name = Cocoa.framework; path = System/Library/Frameworks/Cocoa.framework; sourceTree = SDKROOT; };
		1DF2A7B9190D1A5E00DF084F /* AppKit.framework */ = {isa = PBXFileReference; lastKnownFileType = wrapper.framework; name = AppKit.framework; path = System/Library/Frameworks/AppKit.framework; sourceTree = SDKROOT; };
		1DF2A7BA190D1A5E00DF084F /* CoreData.framework */ = {isa = PBXFileReference; lastKnownFileType = wrapper.framework; name = CoreData.framework; path = System/Library/Frameworks/CoreData.framework; sourceTree = SDKROOT; };
		1DF2A7BB190D1A5E00DF084F /* Foundation.framework */ = {isa = PBXFileReference; lastKnownFileType = wrapper.framework; name = Foundation.framework; path = System/Library/Frameworks/Foundation.framework; sourceTree = SDKROOT; };
		1DF2A7BE190D1A5E00DF084F /* Snappr-Info.plist */ = {isa = PBXFileReference; lastKnownFileType = text.plist.xml; path = "Snappr-Info.plist"; sourceTree = "<group>"; };
		1DF2A7C0190D1A5E00DF084F /* en */ = {isa = PBXFileReference; lastKnownFileType = text.plist.strings; name = en; path = en.lproj/InfoPlist.strings; sourceTree = "<group>"; };
		1DF2A7C2190D1A5E00DF084F /* main.m */ = {isa = PBXFileReference; lastKnownFileType = sourcecode.c.objc; path = main.m; sourceTree = "<group>"; };
		1DF2A7C4190D1A5E00DF084F /* Snappr-Prefix.pch */ = {isa = PBXFileReference; lastKnownFileType = sourcecode.c.h; path = "Snappr-Prefix.pch"; sourceTree = "<group>"; };
		1DF2A7C8190D1A5E00DF084F /* SRAppDelegate.h */ = {isa = PBXFileReference; lastKnownFileType = sourcecode.c.h; path = SRAppDelegate.h; sourceTree = "<group>"; };
		1DF2A7C9190D1A5E00DF084F /* SRAppDelegate.m */ = {isa = PBXFileReference; lastKnownFileType = sourcecode.c.objc; path = SRAppDelegate.m; sourceTree = "<group>"; };
		1DF2A7CC190D1A5E00DF084F /* Base */ = {isa = PBXFileReference; lastKnownFileType = file.xib; name = Base; path = Base.lproj/MainMenu.xib; sourceTree = "<group>"; };
		1DF2A7CE190D1A5E00DF084F /* Images.xcassets */ = {isa = PBXFileReference; lastKnownFileType = folder.assetcatalog; path = Images.xcassets; sourceTree = "<group>"; };
		1DF2A7D4190D1A5E00DF084F /* SnapprTests.xctest */ = {isa = PBXFileReference; explicitFileType = wrapper.cfbundle; includeInIndex = 0; path = SnapprTests.xctest; sourceTree = BUILT_PRODUCTS_DIR; };
		1DF2A7D5190D1A5E00DF084F /* XCTest.framework */ = {isa = PBXFileReference; lastKnownFileType = wrapper.framework; name = XCTest.framework; path = Library/Frameworks/XCTest.framework; sourceTree = DEVELOPER_DIR; };
		1DF2A7DC190D1A5E00DF084F /* SnapprTests-Info.plist */ = {isa = PBXFileReference; lastKnownFileType = text.plist.xml; path = "SnapprTests-Info.plist"; sourceTree = "<group>"; };
		1DF2A7DE190D1A5E00DF084F /* en */ = {isa = PBXFileReference; lastKnownFileType = text.plist.strings; name = en; path = en.lproj/InfoPlist.strings; sourceTree = "<group>"; };
		1DF2A7E0190D1A5E00DF084F /* SnapprTests.m */ = {isa = PBXFileReference; lastKnownFileType = sourcecode.c.objc; path = SnapprTests.m; sourceTree = "<group>"; };
		1DF2A7EA190D1E9E00DF084F /* SRRedditParser.h */ = {isa = PBXFileReference; fileEncoding = 4; lastKnownFileType = sourcecode.c.h; path = SRRedditParser.h; sourceTree = "<group>"; };
		1DF2A7EB190D1E9E00DF084F /* SRRedditParser.m */ = {isa = PBXFileReference; fileEncoding = 4; lastKnownFileType = sourcecode.c.objc; path = SRRedditParser.m; sourceTree = "<group>"; };
		1DF2A7ED190D1FEE00DF084F /* SRImage.h */ = {isa = PBXFileReference; fileEncoding = 4; lastKnownFileType = sourcecode.c.h; path = SRImage.h; sourceTree = "<group>"; };
		1DF2A7EE190D1FEE00DF084F /* SRImage.m */ = {isa = PBXFileReference; fileEncoding = 4; lastKnownFileType = sourcecode.c.objc; path = SRImage.m; sourceTree = "<group>"; };
/* End PBXFileReference section */

/* Begin PBXFrameworksBuildPhase section */
		1DF2A7B0190D1A5E00DF084F /* Frameworks */ = {
			isa = PBXFrameworksBuildPhase;
			buildActionMask = 2147483647;
			files = (
				1D3237661912AEBA009F2EA3 /* WebKit.framework in Frameworks */,
				1DF2A7B7190D1A5E00DF084F /* Cocoa.framework in Frameworks */,
				1D3237641912AE03009F2EA3 /* Sparkle.framework in Frameworks */,
			);
			runOnlyForDeploymentPostprocessing = 0;
		};
		1DF2A7D1190D1A5E00DF084F /* Frameworks */ = {
			isa = PBXFrameworksBuildPhase;
			buildActionMask = 2147483647;
			files = (
				1DF2A7D7190D1A5E00DF084F /* Cocoa.framework in Frameworks */,
				1DF2A7D6190D1A5E00DF084F /* XCTest.framework in Frameworks */,
			);
			runOnlyForDeploymentPostprocessing = 0;
		};
/* End PBXFrameworksBuildPhase section */

/* Begin PBXGroup section */
		1D50575C190D7AF000150FFF /* Categories */ = {
			isa = PBXGroup;
			children = (
				1D505754190D74D000150FFF /* NSFileManager+DirectoryLocations.h */,
				1D505755190D74D000150FFF /* NSFileManager+DirectoryLocations.m */,
				1D505751190D704700150FFF /* NSMutableArray_Shuffling.h */,
				1D505752190D707500150FFF /* NSMutableArray_Shuffling.m */,
				1D505759190D758A00150FFF /* NSString+MD5.h */,
				1D50575A190D758A00150FFF /* NSString+MD5.m */,
				1D5408F81913ED98005EFAC1 /* NSTimer+NoodleExtensions.h */,
				1D5408F91913ED98005EFAC1 /* NSTimer+NoodleExtensions.m */,
				1D5408FB1913EDE2005EFAC1 /* NoodleGlue.h */,
				1D5408FC1913EDE2005EFAC1 /* NoodleGlue.m */,
			);
			name = Categories;
			sourceTree = "<group>";
		};
		1DF2A7AA190D1A5D00DF084F = {
			isa = PBXGroup;
			children = (
				1DF2A7BC190D1A5E00DF084F /* Snappr */,
				1DF2A7DA190D1A5E00DF084F /* SnapprTests */,
				1DF2A7B5190D1A5E00DF084F /* Frameworks */,
				1DF2A7B4190D1A5E00DF084F /* Products */,
			);
			sourceTree = "<group>";
		};
		1DF2A7B4190D1A5E00DF084F /* Products */ = {
			isa = PBXGroup;
			children = (
				1DF2A7B3190D1A5E00DF084F /* Snappr.app */,
				1DF2A7D4190D1A5E00DF084F /* SnapprTests.xctest */,
			);
			name = Products;
			sourceTree = "<group>";
		};
		1DF2A7B5190D1A5E00DF084F /* Frameworks */ = {
			isa = PBXGroup;
			children = (
				1D3237651912AEBA009F2EA3 /* WebKit.framework */,
				1D3237631912AE03009F2EA3 /* Sparkle.framework */,
				1D505757190D757400150FFF /* libcommonCrypto.dylib */,
				1DF2A7B6190D1A5E00DF084F /* Cocoa.framework */,
				1DF2A7D5190D1A5E00DF084F /* XCTest.framework */,
				1DF2A7B8190D1A5E00DF084F /* Other Frameworks */,
			);
			name = Frameworks;
			sourceTree = "<group>";
		};
		1DF2A7B8190D1A5E00DF084F /* Other Frameworks */ = {
			isa = PBXGroup;
			children = (
				1DF2A7B9190D1A5E00DF084F /* AppKit.framework */,
				1DF2A7BA190D1A5E00DF084F /* CoreData.framework */,
				1DF2A7BB190D1A5E00DF084F /* Foundation.framework */,
			);
			name = "Other Frameworks";
			sourceTree = "<group>";
		};
		1DF2A7BC190D1A5E00DF084F /* Snappr */ = {
			isa = PBXGroup;
			children = (
				1D50575C190D7AF000150FFF /* Categories */,
				1DF2A7C8190D1A5E00DF084F /* SRAppDelegate.h */,
				1DF2A7C9190D1A5E00DF084F /* SRAppDelegate.m */,
				1DF2A7CB190D1A5E00DF084F /* MainMenu.xib */,
				1DF2A7CE190D1A5E00DF084F /* Images.xcassets */,
				1DF2A7BD190D1A5E00DF084F /* Supporting Files */,
				1DF2A7EA190D1E9E00DF084F /* SRRedditParser.h */,
				1DF2A7EB190D1E9E00DF084F /* SRRedditParser.m */,
				1DF2A7ED190D1FEE00DF084F /* SRImage.h */,
				1DF2A7EE190D1FEE00DF084F /* SRImage.m */,
				1D50574E190D6CE300150FFF /* SRWallpaperChanger.h */,
				1D50574F190D6CE300150FFF /* SRWallpaperChanger.m */,
				1DE6E65E190FEAB400BFCCF1 /* SRSetupWindowController.h */,
				1DE6E65F190FEAB400BFCCF1 /* SRSetupWindowController.m */,
				1DE6E660190FEAB400BFCCF1 /* SRSetupWindowController.xib */,
				1D9520D6190FF8A5002E7B08 /* SRSubredditDataStore.h */,
				1D9520D7190FF8A5002E7B08 /* SRSubredditDataStore.m */,
				1D32375919129E19009F2EA3 /* SRUtils.h */,
				1D32375A19129E19009F2EA3 /* SRUtils.m */,
				1D54090519140514005EFAC1 /* SRVevelt.h */,
				1D54090619140514005EFAC1 /* SRVevelt.m */,
			);
			path = Snappr;
			sourceTree = "<group>";
		};
		1DF2A7BD190D1A5E00DF084F /* Supporting Files */ = {
			isa = PBXGroup;
			children = (
				1D3237691912B3BA009F2EA3 /* dsa_pub.pem */,
				1D3237601912A65E009F2EA3 /* Credits.rtf */,
				1DF2A7BE190D1A5E00DF084F /* Snappr-Info.plist */,
				1DF2A7BF190D1A5E00DF084F /* InfoPlist.strings */,
				1DF2A7C2190D1A5E00DF084F /* main.m */,
				1DF2A7C4190D1A5E00DF084F /* Snappr-Prefix.pch */,
			);
			name = "Supporting Files";
			sourceTree = "<group>";
		};
		1DF2A7DA190D1A5E00DF084F /* SnapprTests */ = {
			isa = PBXGroup;
			children = (
				1DF2A7E0190D1A5E00DF084F /* SnapprTests.m */,
				1DF2A7DB190D1A5E00DF084F /* Supporting Files */,
			);
			path = SnapprTests;
			sourceTree = "<group>";
		};
		1DF2A7DB190D1A5E00DF084F /* Supporting Files */ = {
			isa = PBXGroup;
			children = (
				1DF2A7DC190D1A5E00DF084F /* SnapprTests-Info.plist */,
				1DF2A7DD190D1A5E00DF084F /* InfoPlist.strings */,
			);
			name = "Supporting Files";
			sourceTree = "<group>";
		};
/* End PBXGroup section */

/* Begin PBXNativeTarget section */
		1DF2A7B2190D1A5E00DF084F /* Snappr */ = {
			isa = PBXNativeTarget;
			buildConfigurationList = 1DF2A7E4190D1A5E00DF084F /* Build configuration list for PBXNativeTarget "Snappr" */;
			buildPhases = (
				1DF2A7AF190D1A5E00DF084F /* Sources */,
				1DF2A7B0190D1A5E00DF084F /* Frameworks */,
				1DF2A7B1190D1A5E00DF084F /* Resources */,
				1D3237671912B144009F2EA3 /* CopyFiles */,
			);
			buildRules = (
			);
			dependencies = (
			);
			name = Snappr;
			productName = Snappr;
			productReference = 1DF2A7B3190D1A5E00DF084F /* Snappr.app */;
			productType = "com.apple.product-type.application";
		};
		1DF2A7D3190D1A5E00DF084F /* SnapprTests */ = {
			isa = PBXNativeTarget;
			buildConfigurationList = 1DF2A7E7190D1A5E00DF084F /* Build configuration list for PBXNativeTarget "SnapprTests" */;
			buildPhases = (
				1DF2A7D0190D1A5E00DF084F /* Sources */,
				1DF2A7D1190D1A5E00DF084F /* Frameworks */,
				1DF2A7D2190D1A5E00DF084F /* Resources */,
			);
			buildRules = (
			);
			dependencies = (
				1DF2A7D9190D1A5E00DF084F /* PBXTargetDependency */,
			);
			name = SnapprTests;
			productName = SnapprTests;
			productReference = 1DF2A7D4190D1A5E00DF084F /* SnapprTests.xctest */;
			productType = "com.apple.product-type.bundle.unit-test";
		};
/* End PBXNativeTarget section */

/* Begin PBXProject section */
		1DF2A7AB190D1A5D00DF084F /* Project object */ = {
			isa = PBXProject;
			attributes = {
				CLASSPREFIX = SR;
				LastUpgradeCheck = 0510;
				ORGANIZATIONNAME = Snapr;
				TargetAttributes = {
					1DF2A7D3190D1A5E00DF084F = {
						TestTargetID = 1DF2A7B2190D1A5E00DF084F;
					};
				};
			};
			buildConfigurationList = 1DF2A7AE190D1A5D00DF084F /* Build configuration list for PBXProject "Snappr" */;
			compatibilityVersion = "Xcode 3.2";
			developmentRegion = English;
			hasScannedForEncodings = 0;
			knownRegions = (
				en,
				Base,
			);
			mainGroup = 1DF2A7AA190D1A5D00DF084F;
			productRefGroup = 1DF2A7B4190D1A5E00DF084F /* Products */;
			projectDirPath = "";
			projectRoot = "";
			targets = (
				1DF2A7B2190D1A5E00DF084F /* Snappr */,
				1DF2A7D3190D1A5E00DF084F /* SnapprTests */,
			);
		};
/* End PBXProject section */

/* Begin PBXResourcesBuildPhase section */
		1DF2A7B1190D1A5E00DF084F /* Resources */ = {
			isa = PBXResourcesBuildPhase;
			buildActionMask = 2147483647;
			files = (
				1DF2A7C1190D1A5E00DF084F /* InfoPlist.strings in Resources */,
				1D32376A1912B3BA009F2EA3 /* dsa_pub.pem in Resources */,
				1D3237621912A65E009F2EA3 /* Credits.rtf in Resources */,
				1DE6E662190FEAB400BFCCF1 /* SRSetupWindowController.xib in Resources */,
				1DF2A7CF190D1A5E00DF084F /* Images.xcassets in Resources */,
				1DF2A7CD190D1A5E00DF084F /* MainMenu.xib in Resources */,
			);
			runOnlyForDeploymentPostprocessing = 0;
		};
		1DF2A7D2190D1A5E00DF084F /* Resources */ = {
			isa = PBXResourcesBuildPhase;
			buildActionMask = 2147483647;
			files = (
				1DF2A7DF190D1A5E00DF084F /* InfoPlist.strings in Resources */,
			);
			runOnlyForDeploymentPostprocessing = 0;
		};
/* End PBXResourcesBuildPhase section */

/* Begin PBXSourcesBuildPhase section */
		1DF2A7AF190D1A5E00DF084F /* Sources */ = {
			isa = PBXSourcesBuildPhase;
			buildActionMask = 2147483647;
			files = (
				1DF2A7EF190D1FEE00DF084F /* SRImage.m in Sources */,
				1D5408FD1913EDE2005EFAC1 /* NoodleGlue.m in Sources */,
				1DF2A7C3190D1A5E00DF084F /* main.m in Sources */,
				1D50575B190D758A00150FFF /* NSString+MD5.m in Sources */,
				1D32375B19129E19009F2EA3 /* SRUtils.m in Sources */,
				1DE6E661190FEAB400BFCCF1 /* SRSetupWindowController.m in Sources */,
				1D505753190D707500150FFF /* NSMutableArray_Shuffling.m in Sources */,
				1D5408FA1913ED98005EFAC1 /* NSTimer+NoodleExtensions.m in Sources */,
				1D54090719140514005EFAC1 /* SRVevelt.m in Sources */,
				1DF2A7EC190D1E9E00DF084F /* SRRedditParser.m in Sources */,
				1D505756190D74D000150FFF /* NSFileManager+DirectoryLocations.m in Sources */,
				1D9520D8190FF8A5002E7B08 /* SRSubredditDataStore.m in Sources */,
				1D505750190D6CE300150FFF /* SRWallpaperChanger.m in Sources */,
				1DF2A7CA190D1A5E00DF084F /* SRAppDelegate.m in Sources */,
			);
			runOnlyForDeploymentPostprocessing = 0;
		};
		1DF2A7D0190D1A5E00DF084F /* Sources */ = {
			isa = PBXSourcesBuildPhase;
			buildActionMask = 2147483647;
			files = (
				1DF2A7E1190D1A5E00DF084F /* SnapprTests.m in Sources */,
			);
			runOnlyForDeploymentPostprocessing = 0;
		};
/* End PBXSourcesBuildPhase section */

/* Begin PBXTargetDependency section */
		1DF2A7D9190D1A5E00DF084F /* PBXTargetDependency */ = {
			isa = PBXTargetDependency;
			target = 1DF2A7B2190D1A5E00DF084F /* Snappr */;
			targetProxy = 1DF2A7D8190D1A5E00DF084F /* PBXContainerItemProxy */;
		};
/* End PBXTargetDependency section */

/* Begin PBXVariantGroup section */
		1D3237601912A65E009F2EA3 /* Credits.rtf */ = {
			isa = PBXVariantGroup;
			children = (
				1D3237611912A65E009F2EA3 /* en */,
			);
			name = Credits.rtf;
			sourceTree = "<group>";
		};
		1DF2A7BF190D1A5E00DF084F /* InfoPlist.strings */ = {
			isa = PBXVariantGroup;
			children = (
				1DF2A7C0190D1A5E00DF084F /* en */,
			);
			name = InfoPlist.strings;
			sourceTree = "<group>";
		};
		1DF2A7CB190D1A5E00DF084F /* MainMenu.xib */ = {
			isa = PBXVariantGroup;
			children = (
				1DF2A7CC190D1A5E00DF084F /* Base */,
			);
			name = MainMenu.xib;
			sourceTree = "<group>";
		};
		1DF2A7DD190D1A5E00DF084F /* InfoPlist.strings */ = {
			isa = PBXVariantGroup;
			children = (
				1DF2A7DE190D1A5E00DF084F /* en */,
			);
			name = InfoPlist.strings;
			sourceTree = "<group>";
		};
/* End PBXVariantGroup section */

/* Begin XCBuildConfiguration section */
		1DF2A7E2190D1A5E00DF084F /* Debug */ = {
			isa = XCBuildConfiguration;
			buildSettings = {
				ALWAYS_SEARCH_USER_PATHS = NO;
				CLANG_CXX_LANGUAGE_STANDARD = "gnu++0x";
				CLANG_CXX_LIBRARY = "libc++";
				CLANG_ENABLE_MODULES = YES;
				CLANG_ENABLE_OBJC_ARC = YES;
				CLANG_WARN_BOOL_CONVERSION = YES;
				CLANG_WARN_CONSTANT_CONVERSION = YES;
				CLANG_WARN_DIRECT_OBJC_ISA_USAGE = YES_ERROR;
				CLANG_WARN_EMPTY_BODY = YES;
				CLANG_WARN_ENUM_CONVERSION = YES;
				CLANG_WARN_INT_CONVERSION = YES;
				CLANG_WARN_OBJC_ROOT_CLASS = YES_ERROR;
				CLANG_WARN__DUPLICATE_METHOD_MATCH = YES;
				COPY_PHASE_STRIP = NO;
				GCC_C_LANGUAGE_STANDARD = gnu99;
				GCC_DYNAMIC_NO_PIC = NO;
				GCC_ENABLE_OBJC_EXCEPTIONS = YES;
				GCC_OPTIMIZATION_LEVEL = 0;
				GCC_PREPROCESSOR_DEFINITIONS = (
					"DEBUG=1",
					"$(inherited)",
				);
				GCC_SYMBOLS_PRIVATE_EXTERN = NO;
				GCC_WARN_64_TO_32_BIT_CONVERSION = YES;
				GCC_WARN_ABOUT_RETURN_TYPE = YES_ERROR;
				GCC_WARN_UNDECLARED_SELECTOR = YES;
				GCC_WARN_UNINITIALIZED_AUTOS = YES_AGGRESSIVE;
				GCC_WARN_UNUSED_FUNCTION = YES;
				GCC_WARN_UNUSED_VARIABLE = YES;
				MACOSX_DEPLOYMENT_TARGET = 10.9;
				ONLY_ACTIVE_ARCH = YES;
				SDKROOT = macosx;
			};
			name = Debug;
		};
		1DF2A7E3190D1A5E00DF084F /* Release */ = {
			isa = XCBuildConfiguration;
			buildSettings = {
				ALWAYS_SEARCH_USER_PATHS = NO;
				CLANG_CXX_LANGUAGE_STANDARD = "gnu++0x";
				CLANG_CXX_LIBRARY = "libc++";
				CLANG_ENABLE_MODULES = YES;
				CLANG_ENABLE_OBJC_ARC = YES;
				CLANG_WARN_BOOL_CONVERSION = YES;
				CLANG_WARN_CONSTANT_CONVERSION = YES;
				CLANG_WARN_DIRECT_OBJC_ISA_USAGE = YES_ERROR;
				CLANG_WARN_EMPTY_BODY = YES;
				CLANG_WARN_ENUM_CONVERSION = YES;
				CLANG_WARN_INT_CONVERSION = YES;
				CLANG_WARN_OBJC_ROOT_CLASS = YES_ERROR;
				CLANG_WARN__DUPLICATE_METHOD_MATCH = YES;
				COPY_PHASE_STRIP = YES;
				DEBUG_INFORMATION_FORMAT = "dwarf-with-dsym";
				ENABLE_NS_ASSERTIONS = NO;
				GCC_C_LANGUAGE_STANDARD = gnu99;
				GCC_ENABLE_OBJC_EXCEPTIONS = YES;
				GCC_WARN_64_TO_32_BIT_CONVERSION = YES;
				GCC_WARN_ABOUT_RETURN_TYPE = YES_ERROR;
				GCC_WARN_UNDECLARED_SELECTOR = YES;
				GCC_WARN_UNINITIALIZED_AUTOS = YES_AGGRESSIVE;
				GCC_WARN_UNUSED_FUNCTION = YES;
				GCC_WARN_UNUSED_VARIABLE = YES;
				MACOSX_DEPLOYMENT_TARGET = 10.9;
				SDKROOT = macosx;
			};
			name = Release;
		};
		1DF2A7E5190D1A5E00DF084F /* Debug */ = {
			isa = XCBuildConfiguration;
			buildSettings = {
				ASSETCATALOG_COMPILER_APPICON_NAME = AppIcon;
				COMBINE_HIDPI_IMAGES = YES;
				FRAMEWORK_SEARCH_PATHS = (
					"$(inherited)",
					"$(PROJECT_DIR)",
				);
				GCC_PRECOMPILE_PREFIX_HEADER = YES;
				GCC_PREFIX_HEADER = "Snappr/Snappr-Prefix.pch";
				INFOPLIST_FILE = "Snappr/Snappr-Info.plist";
				LIBRARY_SEARCH_PATHS = (
					"$(inherited)",
					"$(SDKROOT)/usr/lib/system",
				);
				PRODUCT_NAME = "$(TARGET_NAME)";
				WRAPPER_EXTENSION = app;
			};
			name = Debug;
		};
		1DF2A7E6190D1A5E00DF084F /* Release */ = {
			isa = XCBuildConfiguration;
			buildSettings = {
				ASSETCATALOG_COMPILER_APPICON_NAME = AppIcon;
				COMBINE_HIDPI_IMAGES = YES;
				FRAMEWORK_SEARCH_PATHS = (
					"$(inherited)",
					"$(PROJECT_DIR)",
				);
				GCC_PRECOMPILE_PREFIX_HEADER = YES;
				GCC_PREFIX_HEADER = "Snappr/Snappr-Prefix.pch";
				INFOPLIST_FILE = "Snappr/Snappr-Info.plist";
				LIBRARY_SEARCH_PATHS = (
					"$(inherited)",
					"$(SDKROOT)/usr/lib/system",
				);
				PRODUCT_NAME = "$(TARGET_NAME)";
				WRAPPER_EXTENSION = app;
			};
			name = Release;
		};
		1DF2A7E8190D1A5E00DF084F /* Debug */ = {
			isa = XCBuildConfiguration;
			buildSettings = {
				BUNDLE_LOADER = "$(BUILT_PRODUCTS_DIR)/Snappr.app/Contents/MacOS/Snappr";
				COMBINE_HIDPI_IMAGES = YES;
				FRAMEWORK_SEARCH_PATHS = (
					"$(DEVELOPER_FRAMEWORKS_DIR)",
					"$(inherited)",
				);
				GCC_PRECOMPILE_PREFIX_HEADER = YES;
				GCC_PREFIX_HEADER = "Snappr/Snappr-Prefix.pch";
				GCC_PREPROCESSOR_DEFINITIONS = (
					"DEBUG=1",
					"$(inherited)",
				);
				INFOPLIST_FILE = "SnapprTests/SnapprTests-Info.plist";
				PRODUCT_NAME = "$(TARGET_NAME)";
				TEST_HOST = "$(BUNDLE_LOADER)";
				WRAPPER_EXTENSION = xctest;
			};
			name = Debug;
		};
		1DF2A7E9190D1A5E00DF084F /* Release */ = {
			isa = XCBuildConfiguration;
			buildSettings = {
				BUNDLE_LOADER = "$(BUILT_PRODUCTS_DIR)/Snappr.app/Contents/MacOS/Snappr";
				COMBINE_HIDPI_IMAGES = YES;
				FRAMEWORK_SEARCH_PATHS = (
					"$(DEVELOPER_FRAMEWORKS_DIR)",
					"$(inherited)",
				);
				GCC_PRECOMPILE_PREFIX_HEADER = YES;
				GCC_PREFIX_HEADER = "Snappr/Snappr-Prefix.pch";
				INFOPLIST_FILE = "SnapprTests/SnapprTests-Info.plist";
				PRODUCT_NAME = "$(TARGET_NAME)";
				TEST_HOST = "$(BUNDLE_LOADER)";
				WRAPPER_EXTENSION = xctest;
			};
			name = Release;
		};
/* End XCBuildConfiguration section */

/* Begin XCConfigurationList section */
		1DF2A7AE190D1A5D00DF084F /* Build configuration list for PBXProject "Snappr" */ = {
			isa = XCConfigurationList;
			buildConfigurations = (
				1DF2A7E2190D1A5E00DF084F /* Debug */,
				1DF2A7E3190D1A5E00DF084F /* Release */,
			);
			defaultConfigurationIsVisible = 0;
			defaultConfigurationName = Release;
		};
		1DF2A7E4190D1A5E00DF084F /* Build configuration list for PBXNativeTarget "Snappr" */ = {
			isa = XCConfigurationList;
			buildConfigurations = (
				1DF2A7E5190D1A5E00DF084F /* Debug */,
				1DF2A7E6190D1A5E00DF084F /* Release */,
			);
			defaultConfigurationIsVisible = 0;
			defaultConfigurationName = Release;
		};
		1DF2A7E7190D1A5E00DF084F /* Build configuration list for PBXNativeTarget "SnapprTests" */ = {
			isa = XCConfigurationList;
			buildConfigurations = (
				1DF2A7E8190D1A5E00DF084F /* Debug */,
				1DF2A7E9190D1A5E00DF084F /* Release */,
			);
			defaultConfigurationIsVisible = 0;
			defaultConfigurationName = Release;
		};
/* End XCConfigurationList section */
	};
	rootObject = 1DF2A7AB190D1A5D00DF084F /* Project object */;
}
